
Microsoft Visual Studio Solution File, Format Version 12.00
# Visual Studio Version 16
VisualStudioVersion = 16.0.31729.503
MinimumVisualStudioVersion = 10.0.40219.1
Project("{FAE04EC0-301F-11D3-BF4B-00C04F79EFBC}") = "Git-Test-Program", "Git-Test-Program\Git-Test-Program.csproj", "{E9B19C43-6CBC-4869-939F-4F4D080B879E}"
EndProject
Global
	GlobalSection(SolutionConfigurationPlatforms) = preSolution
		Debug|Any CPU = Debug|Any CPU
		Release|Any CPU = Release|Any CPU
	EndGlobalSection
	GlobalSection(ProjectConfigurationPlatforms) = postSolution
		{E9B19C43-6CBC-4869-939F-4F4D080B879E}.Debug|Any CPU.ActiveCfg = Debug|Any CPU
		{E9B19C43-6CBC-4869-939F-4F4D080B879E}.Debug|Any CPU.Build.0 = Debug|Any CPU
		{E9B19C43-6CBC-4869-939F-4F4D080B879E}.Release|Any CPU.ActiveCfg = Release|Any CPU
		{E9B19C43-6CBC-4869-939F-4F4D080B879E}.Release|Any CPU.Build.0 = Release|Any CPU
	EndGlobalSection
	GlobalSection(SolutionProperties) = preSolution
		HideSolutionNode = FALSE
	EndGlobalSection
	GlobalSection(ExtensibilityGlobals) = postSolution
		SolutionGuid = {BEFF8288-9261-4343-ABCB-FBB3DB1F1C09}
	EndGlobalSection
EndGlobal
